<?xml version="1.0" encoding="utf-8"?>
<Project ToolsVersion="4.0" xmlns="http://schemas.microsoft.com/developer/msbuild/2003">
  <ItemGroup>
    <Filter Include="Source Files">
      <UniqueIdentifier>{5fcc0908-1a60-49b3-b951-7014bc8e8d8d}</UniqueIdentifier>
      <Extensions>cpp;c;cxx;rc;def;r;odl;hpj;bat;for;f90</Extensions>
    </Filter>
    <Filter Include="Header Files">
      <UniqueIdentifier>{0c4715b7-4eca-4b12-b396-8cb0d17d6afc}</UniqueIdentifier>
      <Extensions>h;hpp;hxx;hm;inl;fi;fd</Extensions>
    </Filter>
    <Filter Include="Resource Files">
      <UniqueIdentifier>{04fca6bb-8118-48e8-b6e3-84a00a28bb7f}</UniqueIdentifier>
      <Extensions>ico;cur;bmp;dlg;rc2;rct;bin;cnt;rtf;gif;jpg;jpeg;jpe</Extensions>
    </Filter>
  </ItemGroup>
  <ItemGroup>
    <ResourceCompile Include="AfdQueueManagerVersion.rc">
      <Filter>Source Files</Filter>
    </ResourceCompile>
  </ItemGroup>
  <ItemGroup>
    <ClCompile Include="PipeSrv.cpp">
      <Filter>Source Files</Filter>
    </ClCompile>
    <ClCompile Include="QMQueueObj.cpp">
      <Filter>Source Files</Filter>
    </ClCompile>
    <ClCompile Include="QMService.cpp">
      <Filter>Source Files</Filter>
    </ClCompile>
    <ClCompile Include="ScmIf.cpp">
      <Filter>Source Files</Filter>
    </ClCompile>
    <ClCompile Include="TRACE.CPP">
      <Filter>Source Files</Filter>
    </ClCompile>
  </ItemGroup>
  <ItemGroup>
    <ClInclude Include="Build.h">
      <Filter>Header Files</Filter>
    </ClInclude>
    <ClInclude Include="Req.h">
      <Filter>Header Files</Filter>
    </ClInclude>
    <ClInclude Include="RqDefs.h">
      <Filter>Header Files</Filter>
    </ClInclude>
    <ClInclude Include="RqStruct.h">
      <Filter>Header Files</Filter>
    </ClInclude>
    <ClInclude Include="TRACE.H">
      <Filter>Header Files</Filter>
    </ClInclude>
  </ItemGroup>
  <ItemGroup>
    <None Include="project.lnt" />
  </ItemGroup>
</Project>