<?xml version="1.0" encoding="utf-8"?>
<Project ToolsVersion="4.0" xmlns="http://schemas.microsoft.com/developer/msbuild/2003">
  <ItemGroup>
    <Filter Include="Source Files">
      <UniqueIdentifier>{a743593f-2157-4472-90e1-c43a356f2e75}</UniqueIdentifier>
      <Extensions>cpp;c;cxx;rc;def;r;odl;hpj;bat;for;f90</Extensions>
    </Filter>
    <Filter Include="Header Files">
      <UniqueIdentifier>{694a6f18-25de-4aba-aeb3-2a9e56e8e834}</UniqueIdentifier>
      <Extensions>h;hpp;hxx;hm;inl;fi;fd</Extensions>
    </Filter>
    <Filter Include="Resource Files">
      <UniqueIdentifier>{0f5f6dd0-bf7a-408a-a326-8cb5381b9954}</UniqueIdentifier>
      <Extensions>ico;cur;bmp;dlg;rc2;rct;bin;cnt;rtf;gif;jpg;jpeg;jpe</Extensions>
    </Filter>
  </ItemGroup>
  <ItemGroup>
    <ClCompile Include="AfdRegistry.c">
      <Filter>Source Files</Filter>
    </ClCompile>
    <ClCompile Include="AfdScm.c">
      <Filter>Source Files</Filter>
    </ClCompile>
    <ClCompile Include="Debug.c">
      <Filter>Source Files</Filter>
    </ClCompile>
    <ClCompile Include="ErrLog.c">
      <Filter>Source Files</Filter>
    </ClCompile>
  </ItemGroup>
  <ItemGroup>
    <ResourceCompile Include="AfdSCMInterfaceVersion.rc">
      <Filter>Source Files</Filter>
    </ResourceCompile>
  </ItemGroup>
  <ItemGroup>
    <ClInclude Include="..\..\AfdTPSource\AFDinclude\afdlog_debug.h">
      <Filter>Header Files</Filter>
    </ClInclude>
  </ItemGroup>
</Project>