<?xml version="1.0" encoding="utf-8"?>
<Project ToolsVersion="4.0" xmlns="http://schemas.microsoft.com/developer/msbuild/2003">
  <ItemGroup>
    <Filter Include="Source Files">
      <UniqueIdentifier>{57f946a3-9aac-4ca5-bbd2-08c3a66e3a6a}</UniqueIdentifier>
      <Extensions>cpp;c;cxx;rc;def;r;odl;hpj;bat;for;f90</Extensions>
    </Filter>
    <Filter Include="Header Files">
      <UniqueIdentifier>{53940257-3e56-4ca1-ab40-54febc10f208}</UniqueIdentifier>
      <Extensions>h;hpp;hxx;hm;inl;fi;fd</Extensions>
    </Filter>
    <Filter Include="Resource Files">
      <UniqueIdentifier>{d1940677-fc74-4c10-ba70-79bab73ce39f}</UniqueIdentifier>
      <Extensions>ico;cur;bmp;dlg;rc2;rct;bin;cnt;rtf;gif;jpg;jpeg;jpe</Extensions>
    </Filter>
  </ItemGroup>
  <ItemGroup>
    <ResourceCompile Include="AfdQMClientVersion.rc">
      <Filter>Source Files</Filter>
    </ResourceCompile>
  </ItemGroup>
  <ItemGroup>
    <ClCompile Include="..\AfdQueueManager\API.c">
      <Filter>Source Files</Filter>
    </ClCompile>
    <ClCompile Include="..\AfdQueueManager\BuildRq.c">
      <Filter>Source Files</Filter>
    </ClCompile>
    <ClCompile Include="..\AfdQueueManager\Pipe.c">
      <Filter>Source Files</Filter>
    </ClCompile>
    <ClCompile Include="..\AfdQueueManager\PlmApi.cpp">
      <Filter>Source Files</Filter>
    </ClCompile>
    <ClCompile Include="..\AfdQueueManager\QMEntry.c">
      <Filter>Source Files</Filter>
    </ClCompile>
    <ClCompile Include="..\AfdQueueManager\QMGetQh.c">
      <Filter>Source Files</Filter>
    </ClCompile>
    <ClCompile Include="..\AfdQueueManager\RqDef.c">
      <Filter>Source Files</Filter>
    </ClCompile>
    <ClCompile Include="..\AfdQueueManager\TraceCl.c">
      <Filter>Source Files</Filter>
    </ClCompile>
  </ItemGroup>
  <ItemGroup>
    <None Include="..\AfdQueueManager\QueueManagerDll.Def">
      <Filter>Source Files</Filter>
    </None>
  </ItemGroup>
</Project>